
Microsoft Visual Studio Solution File, Format Version 12.00
# Visual Studio Version 16
VisualStudioVersion = 16.0.30114.105
MinimumVisualStudioVersion = 10.0.40219.1
Project("{FAE04EC0-301F-11D3-BF4B-00C04F79EFBC}") = "XMLToolsLibrary", "XMLToolsLibrary.csproj", "{0A00A1C0-8CCA-4E9A-8F6F-488C744FA289}"
EndProject
Project("{FAE04EC0-301F-11D3-BF4B-00C04F79EFBC}") = "test", "test\test.csproj", "{C78A46E3-9BF1-4CEE-8C0C-1521D7A52FAE}"
EndProject
Project("{2150E333-8FDC-42A3-9474-1A3956D46DE8}") = "samples", "samples", "{3900F80D-5EE0-4056-8B64-273F8F1C0FE5}"
EndProject
Project("{FAE04EC0-301F-11D3-BF4B-00C04F79EFBC}") = "svgparsergen", "samples\svgparsergen\svgparsergen.csproj", "{BE5A4EE2-3CE1-49D4-A9EE-D5F2B138DB3E}"
EndProject
Project("{FAE04EC0-301F-11D3-BF4B-00C04F79EFBC}") = "dtddump", "samples\dtddump\dtddump.csproj", "{D329F3D1-0108-4F22-BC02-05A36CF65AF3}"
EndProject
Project("{FAE04EC0-301F-11D3-BF4B-00C04F79EFBC}") = "dtddumpsimple", "samples\dtddumpsimple\dtddumpsimple.csproj", "{DCC16576-401C-4DCF-A1A4-A9D39D13BCEE}"
EndProject
Global
	GlobalSection(SolutionConfigurationPlatforms) = preSolution
		Debug|Any CPU = Debug|Any CPU
		Release|Any CPU = Release|Any CPU
	EndGlobalSection
	GlobalSection(SolutionProperties) = preSolution
		HideSolutionNode = FALSE
	EndGlobalSection
	GlobalSection(ProjectConfigurationPlatforms) = postSolution
		{0A00A1C0-8CCA-4E9A-8F6F-488C744FA289}.Debug|Any CPU.ActiveCfg = Debug|Any CPU
		{0A00A1C0-8CCA-4E9A-8F6F-488C744FA289}.Debug|Any CPU.Build.0 = Debug|Any CPU
		{0A00A1C0-8CCA-4E9A-8F6F-488C744FA289}.Release|Any CPU.ActiveCfg = Release|Any CPU
		{0A00A1C0-8CCA-4E9A-8F6F-488C744FA289}.Release|Any CPU.Build.0 = Release|Any CPU
		{C78A46E3-9BF1-4CEE-8C0C-1521D7A52FAE}.Debug|Any CPU.ActiveCfg = Debug|Any CPU
		{C78A46E3-9BF1-4CEE-8C0C-1521D7A52FAE}.Debug|Any CPU.Build.0 = Debug|Any CPU
		{C78A46E3-9BF1-4CEE-8C0C-1521D7A52FAE}.Release|Any CPU.ActiveCfg = Release|Any CPU
		{C78A46E3-9BF1-4CEE-8C0C-1521D7A52FAE}.Release|Any CPU.Build.0 = Release|Any CPU
		{BE5A4EE2-3CE1-49D4-A9EE-D5F2B138DB3E}.Debug|Any CPU.ActiveCfg = Debug|Any CPU
		{BE5A4EE2-3CE1-49D4-A9EE-D5F2B138DB3E}.Debug|Any CPU.Build.0 = Debug|Any CPU
		{BE5A4EE2-3CE1-49D4-A9EE-D5F2B138DB3E}.Release|Any CPU.ActiveCfg = Release|Any CPU
		{BE5A4EE2-3CE1-49D4-A9EE-D5F2B138DB3E}.Release|Any CPU.Build.0 = Release|Any CPU
		{D329F3D1-0108-4F22-BC02-05A36CF65AF3}.Debug|Any CPU.ActiveCfg = Debug|Any CPU
		{D329F3D1-0108-4F22-BC02-05A36CF65AF3}.Debug|Any CPU.Build.0 = Debug|Any CPU
		{D329F3D1-0108-4F22-BC02-05A36CF65AF3}.Release|Any CPU.ActiveCfg = Release|Any CPU
		{D329F3D1-0108-4F22-BC02-05A36CF65AF3}.Release|Any CPU.Build.0 = Release|Any CPU
		{DCC16576-401C-4DCF-A1A4-A9D39D13BCEE}.Debug|Any CPU.ActiveCfg = Debug|Any CPU
		{DCC16576-401C-4DCF-A1A4-A9D39D13BCEE}.Debug|Any CPU.Build.0 = Debug|Any CPU
		{DCC16576-401C-4DCF-A1A4-A9D39D13BCEE}.Release|Any CPU.ActiveCfg = Release|Any CPU
		{DCC16576-401C-4DCF-A1A4-A9D39D13BCEE}.Release|Any CPU.Build.0 = Release|Any CPU
	EndGlobalSection
	GlobalSection(NestedProjects) = preSolution
		{BE5A4EE2-3CE1-49D4-A9EE-D5F2B138DB3E} = {3900F80D-5EE0-4056-8B64-273F8F1C0FE5}
		{D329F3D1-0108-4F22-BC02-05A36CF65AF3} = {3900F80D-5EE0-4056-8B64-273F8F1C0FE5}
		{DCC16576-401C-4DCF-A1A4-A9D39D13BCEE} = {3900F80D-5EE0-4056-8B64-273F8F1C0FE5}
	EndGlobalSection
EndGlobal
